
Microsoft Visual Studio Solution File, Format Version 12.00
# Visual Studio Version 16
VisualStudioVersion = 16.0.29613.14
MinimumVisualStudioVersion = 10.0.40219.1
Project("{9A19103F-16F7-4668-BE54-9A1E7A4F7556}") = "CRUD_Users.VueWebApp", "src\CRUD_Users.VueWebApp.csproj", "{EEF51640-870A-45FC-A6D6-1D6CB62015CA}"
EndProject
Project("{2150E333-8FDC-42A3-9474-1A3956D46DE8}") = "Solution Items", "Solution Items", "{C4FEB0D1-9F6C-406B-A4CF-B8CC93CE67AE}"
	ProjectSection(SolutionItems) = preProject
		.gitignore = .gitignore
	EndProjectSection
EndProject
Global
	GlobalSection(SolutionConfigurationPlatforms) = preSolution
		Debug|Any CPU = Debug|Any CPU
		Release|Any CPU = Release|Any CPU
	EndGlobalSection
	GlobalSection(ProjectConfigurationPlatforms) = postSolution
		{EEF51640-870A-45FC-A6D6-1D6CB62015CA}.Debug|Any CPU.ActiveCfg = Debug|Any CPU
		{EEF51640-870A-45FC-A6D6-1D6CB62015CA}.Debug|Any CPU.Build.0 = Debug|Any CPU
		{EEF51640-870A-45FC-A6D6-1D6CB62015CA}.Release|Any CPU.ActiveCfg = Release|Any CPU
		{EEF51640-870A-45FC-A6D6-1D6CB62015CA}.Release|Any CPU.Build.0 = Release|Any CPU
	EndGlobalSection
	GlobalSection(SolutionProperties) = preSolution
		HideSolutionNode = FALSE
	EndGlobalSection
	GlobalSection(ExtensibilityGlobals) = postSolution
		SolutionGuid = {2E6F05B5-818F-4B70-B8EA-C304CC679DD3}
	EndGlobalSection
EndGlobal
